// !$*UTF8*$!
{
	archiveVersion = 1;
	classes = {
	};
	objectVersion = 46;
	objects = {

/* Begin PBXBuildFile section */
		E93B1CCC1AB450C9002EE16E /* main.m in Sources */ = {isa = PBXBuildFile; fileRef = E93B1CCB1AB450C9002EE16E /* main.m */; };
		E93B1CCF1AB450C9002EE16E /* AppDelegate.m in Sources */ = {isa = PBXBuildFile; fileRef = E93B1CCE1AB450C9002EE16E /* AppDelegate.m */; };
		E93B1CD21AB450C9002EE16E /* ViewController.m in Sources */ = {isa = PBXBuildFile; fileRef = E93B1CD11AB450C9002EE16E /* ViewController.m */; };
		E93B1CD51AB450C9002EE16E /* Main.storyboard in Resources */ = {isa = PBXBuildFile; fileRef = E93B1CD31AB450C9002EE16E /* Main.storyboard */; };
		E93B1CD71AB450C9002EE16E /* Images.xcassets in Resources */ = {isa = PBXBuildFile; fileRef = E93B1CD61AB450C9002EE16E /* Images.xcassets */; };
		E93B1CDA1AB450C9002EE16E /* LaunchScreen.xib in Resources */ = {isa = PBXBuildFile; fileRef = E93B1CD81AB450C9002EE16E /* LaunchScreen.xib */; };
		E93B1CE61AB450C9002EE16E /* CaptureTheFlagPrototypeTests.m in Sources */ = {isa = PBXBuildFile; fileRef = E93B1CE51AB450C9002EE16E /* CaptureTheFlagPrototypeTests.m */; };
		E93B1D0D1AB45232002EE16E /* libzbar.a in Frameworks */ = {isa = PBXBuildFile; fileRef = E93B1D071AB45231002EE16E /* libzbar.a */; };
		E93B1D0E1AB45232002EE16E /* zbar-back.png in Resources */ = {isa = PBXBuildFile; fileRef = E93B1D091AB45231002EE16E /* zbar-back.png */; };
		E93B1D0F1AB45232002EE16E /* zbar-help.html in Resources */ = {isa = PBXBuildFile; fileRef = E93B1D0A1AB45231002EE16E /* zbar-help.html */; };
		E93B1D101AB45232002EE16E /* zbar-helpicons.png in Resources */ = {isa = PBXBuildFile; fileRef = E93B1D0B1AB45231002EE16E /* zbar-helpicons.png */; };
		E93B1D111AB45232002EE16E /* zbar-samples.png in Resources */ = {isa = PBXBuildFile; fileRef = E93B1D0C1AB45231002EE16E /* zbar-samples.png */; };
		E93B1D411AB46825002EE16E /* AVFoundation.framework in Frameworks */ = {isa = PBXBuildFile; fileRef = E93B1D401AB46825002EE16E /* AVFoundation.framework */; };
		E93B1D431AB46834002EE16E /* CoreMedia.framework in Frameworks */ = {isa = PBXBuildFile; fileRef = E93B1D421AB46834002EE16E /* CoreMedia.framework */; };
		E93B1D441AB4684E002EE16E /* libiconv.dylib in Frameworks */ = {isa = PBXBuildFile; fileRef = E93B1D121AB4530C002EE16E /* libiconv.dylib */; };
/* End PBXBuildFile section */

/* Begin PBXContainerItemProxy section */
		E93B1CE01AB450C9002EE16E /* PBXContainerItemProxy */ = {
			isa = PBXContainerItemProxy;
			containerPortal = E93B1CBE1AB450C9002EE16E /* Project object */;
			proxyType = 1;
			remoteGlobalIDString = E93B1CC51AB450C9002EE16E;
			remoteInfo = CaptureTheFlagPrototype;
		};
/* End PBXContainerItemProxy section */

/* Begin PBXFileReference section */
		E93B1CC61AB450C9002EE16E /* CaptureTheFlagPrototype.app */ = {isa = PBXFileReference; explicitFileType = wrapper.application; includeInIndex = 0; path = CaptureTheFlagPrototype.app; sourceTree = BUILT_PRODUCTS_DIR; };
		E93B1CCA1AB450C9002EE16E /* Info.plist */ = {isa = PBXFileReference; lastKnownFileType = text.plist.xml; path = Info.plist; sourceTree = "<group>"; };
		E93B1CCB1AB450C9002EE16E /* main.m */ = {isa = PBXFileReference; lastKnownFileType = sourcecode.c.objc; path = main.m; sourceTree = "<group>"; };
		E93B1CCD1AB450C9002EE16E /* AppDelegate.h */ = {isa = PBXFileReference; lastKnownFileType = sourcecode.c.h; path = AppDelegate.h; sourceTree = "<group>"; };
		E93B1CCE1AB450C9002EE16E /* AppDelegate.m */ = {isa = PBXFileReference; lastKnownFileType = sourcecode.c.objc; path = AppDelegate.m; sourceTree = "<group>"; };
		E93B1CD01AB450C9002EE16E /* ViewController.h */ = {isa = PBXFileReference; lastKnownFileType = sourcecode.c.h; path = ViewController.h; sourceTree = "<group>"; };
		E93B1CD11AB450C9002EE16E /* ViewController.m */ = {isa = PBXFileReference; lastKnownFileType = sourcecode.c.objc; path = ViewController.m; sourceTree = "<group>"; };
		E93B1CD41AB450C9002EE16E /* Base */ = {isa = PBXFileReference; lastKnownFileType = file.storyboard; name = Base; path = Base.lproj/Main.storyboard; sourceTree = "<group>"; };
		E93B1CD61AB450C9002EE16E /* Images.xcassets */ = {isa = PBXFileReference; lastKnownFileType = folder.assetcatalog; path = Images.xcassets; sourceTree = "<group>"; };
		E93B1CD91AB450C9002EE16E /* Base */ = {isa = PBXFileReference; lastKnownFileType = file.xib; name = Base; path = Base.lproj/LaunchScreen.xib; sourceTree = "<group>"; };
		E93B1CDF1AB450C9002EE16E /* CaptureTheFlagPrototypeTests.xctest */ = {isa = PBXFileReference; explicitFileType = wrapper.cfbundle; includeInIndex = 0; path = CaptureTheFlagPrototypeTests.xctest; sourceTree = BUILT_PRODUCTS_DIR; };
		E93B1CE41AB450C9002EE16E /* Info.plist */ = {isa = PBXFileReference; lastKnownFileType = text.plist.xml; path = Info.plist; sourceTree = "<group>"; };
		E93B1CE51AB450C9002EE16E /* CaptureTheFlagPrototypeTests.m */ = {isa = PBXFileReference; lastKnownFileType = sourcecode.c.objc; path = CaptureTheFlagPrototypeTests.m; sourceTree = "<group>"; };
		E93B1CF31AB45231002EE16E /* Decoder.h */ = {isa = PBXFileReference; fileEncoding = 4; lastKnownFileType = sourcecode.c.h; path = Decoder.h; sourceTree = "<group>"; };
		E93B1CF41AB45231002EE16E /* Exception.h */ = {isa = PBXFileReference; fileEncoding = 4; lastKnownFileType = sourcecode.c.h; path = Exception.h; sourceTree = "<group>"; };
		E93B1CF51AB45231002EE16E /* Image.h */ = {isa = PBXFileReference; fileEncoding = 4; lastKnownFileType = sourcecode.c.h; path = Image.h; sourceTree = "<group>"; };
		E93B1CF61AB45231002EE16E /* ImageScanner.h */ = {isa = PBXFileReference; fileEncoding = 4; lastKnownFileType = sourcecode.c.h; path = ImageScanner.h; sourceTree = "<group>"; };
		E93B1CF71AB45231002EE16E /* Processor.h */ = {isa = PBXFileReference; fileEncoding = 4; lastKnownFileType = sourcecode.c.h; path = Processor.h; sourceTree = "<group>"; };
		E93B1CF81AB45231002EE16E /* Scanner.h */ = {isa = PBXFileReference; fileEncoding = 4; lastKnownFileType = sourcecode.c.h; path = Scanner.h; sourceTree = "<group>"; };
		E93B1CF91AB45231002EE16E /* Symbol.h */ = {isa = PBXFileReference; fileEncoding = 4; lastKnownFileType = sourcecode.c.h; path = Symbol.h; sourceTree = "<group>"; };
		E93B1CFA1AB45231002EE16E /* Video.h */ = {isa = PBXFileReference; fileEncoding = 4; lastKnownFileType = sourcecode.c.h; path = Video.h; sourceTree = "<group>"; };
		E93B1CFB1AB45231002EE16E /* Window.h */ = {isa = PBXFileReference; fileEncoding = 4; lastKnownFileType = sourcecode.c.h; path = Window.h; sourceTree = "<group>"; };
		E93B1CFC1AB45231002EE16E /* zbar.h */ = {isa = PBXFileReference; fileEncoding = 4; lastKnownFileType = sourcecode.c.h; path = zbar.h; sourceTree = "<group>"; };
		E93B1CFD1AB45231002EE16E /* ZBarCameraSimulator.h */ = {isa = PBXFileReference; fileEncoding = 4; lastKnownFileType = sourcecode.c.h; path = ZBarCameraSimulator.h; sourceTree = "<group>"; };
		E93B1CFE1AB45231002EE16E /* ZBarCaptureReader.h */ = {isa = PBXFileReference; fileEncoding = 4; lastKnownFileType = sourcecode.c.h; path = ZBarCaptureReader.h; sourceTree = "<group>"; };
		E93B1CFF1AB45231002EE16E /* ZBarHelpController.h */ = {isa = PBXFileReference; fileEncoding = 4; lastKnownFileType = sourcecode.c.h; path = ZBarHelpController.h; sourceTree = "<group>"; };
		E93B1D001AB45231002EE16E /* ZBarImage.h */ = {isa = PBXFileReference; fileEncoding = 4; lastKnownFileType = sourcecode.c.h; path = ZBarImage.h; sourceTree = "<group>"; };
		E93B1D011AB45231002EE16E /* ZBarImageScanner.h */ = {isa = PBXFileReference; fileEncoding = 4; lastKnownFileType = sourcecode.c.h; path = ZBarImageScanner.h; sourceTree = "<group>"; };
		E93B1D021AB45231002EE16E /* ZBarReaderController.h */ = {isa = PBXFileReference; fileEncoding = 4; lastKnownFileType = sourcecode.c.h; path = ZBarReaderController.h; sourceTree = "<group>"; };
		E93B1D031AB45231002EE16E /* ZBarReaderView.h */ = {isa = PBXFileReference; fileEncoding = 4; lastKnownFileType = sourcecode.c.h; path = ZBarReaderView.h; sourceTree = "<group>"; };
		E93B1D041AB45231002EE16E /* ZBarReaderViewController.h */ = {isa = PBXFileReference; fileEncoding = 4; lastKnownFileType = sourcecode.c.h; path = ZBarReaderViewController.h; sourceTree = "<group>"; };
		E93B1D051AB45231002EE16E /* ZBarSDK.h */ = {isa = PBXFileReference; fileEncoding = 4; lastKnownFileType = sourcecode.c.h; path = ZBarSDK.h; sourceTree = "<group>"; };
		E93B1D061AB45231002EE16E /* ZBarSymbol.h */ = {isa = PBXFileReference; fileEncoding = 4; lastKnownFileType = sourcecode.c.h; path = ZBarSymbol.h; sourceTree = "<group>"; };
		E93B1D071AB45231002EE16E /* libzbar.a */ = {isa = PBXFileReference; lastKnownFileType = archive.ar; path = libzbar.a; sourceTree = "<group>"; };
		E93B1D091AB45231002EE16E /* zbar-back.png */ = {isa = PBXFileReference; lastKnownFileType = image.png; path = "zbar-back.png"; sourceTree = "<group>"; };
		E93B1D0A1AB45231002EE16E /* zbar-help.html */ = {isa = PBXFileReference; fileEncoding = 4; lastKnownFileType = text.html; path = "zbar-help.html"; sourceTree = "<group>"; };
		E93B1D0B1AB45231002EE16E /* zbar-helpicons.png */ = {isa = PBXFileReference; lastKnownFileType = image.png; path = "zbar-helpicons.png"; sourceTree = "<group>"; };
		E93B1D0C1AB45231002EE16E /* zbar-samples.png */ = {isa = PBXFileReference; lastKnownFileType = image.png; path = "zbar-samples.png"; sourceTree = "<group>"; };
		E93B1D121AB4530C002EE16E /* libiconv.dylib */ = {isa = PBXFileReference; lastKnownFileType = "compiled.mach-o.dylib"; name = libiconv.dylib; path = usr/lib/libiconv.dylib; sourceTree = SDKROOT; };
		E93B1D401AB46825002EE16E /* AVFoundation.framework */ = {isa = PBXFileReference; lastKnownFileType = wrapper.framework; name = AVFoundation.framework; path = System/Library/Frameworks/AVFoundation.framework; sourceTree = SDKROOT; };
		E93B1D421AB46834002EE16E /* CoreMedia.framework */ = {isa = PBXFileReference; lastKnownFileType = wrapper.framework; name = CoreMedia.framework; path = System/Library/Frameworks/CoreMedia.framework; sourceTree = SDKROOT; };
/* End PBXFileReference section */

/* Begin PBXFrameworksBuildPhase section */
		E93B1CC31AB450C9002EE16E /* Frameworks */ = {
			isa = PBXFrameworksBuildPhase;
			buildActionMask = 2147483647;
			files = (
				E93B1D431AB46834002EE16E /* CoreMedia.framework in Frameworks */,
				E93B1D411AB46825002EE16E /* AVFoundation.framework in Frameworks */,
				E93B1D441AB4684E002EE16E /* libiconv.dylib in Frameworks */,
				E93B1D0D1AB45232002EE16E /* libzbar.a in Frameworks */,
			);
			runOnlyForDeploymentPostprocessing = 0;
		};
		E93B1CDC1AB450C9002EE16E /* Frameworks */ = {
			isa = PBXFrameworksBuildPhase;
			buildActionMask = 2147483647;
			files = (
			);
			runOnlyForDeploymentPostprocessing = 0;
		};
/* End PBXFrameworksBuildPhase section */

/* Begin PBXGroup section */
		E93B1CBD1AB450C9002EE16E = {
			isa = PBXGroup;
			children = (
				E93B1CEF1AB45231002EE16E /* ZBarSDK */,
				E93B1CC81AB450C9002EE16E /* CaptureTheFlagPrototype */,
				E93B1CE21AB450C9002EE16E /* CaptureTheFlagPrototypeTests */,
				E93B1D201AB453F5002EE16E /* Frameworks */,
				E93B1CC71AB450C9002EE16E /* Products */,
			);
			sourceTree = "<group>";
		};
		E93B1CC71AB450C9002EE16E /* Products */ = {
			isa = PBXGroup;
			children = (
				E93B1CC61AB450C9002EE16E /* CaptureTheFlagPrototype.app */,
				E93B1CDF1AB450C9002EE16E /* CaptureTheFlagPrototypeTests.xctest */,
			);
			name = Products;
			sourceTree = "<group>";
		};
		E93B1CC81AB450C9002EE16E /* CaptureTheFlagPrototype */ = {
			isa = PBXGroup;
			children = (
				E93B1CCD1AB450C9002EE16E /* AppDelegate.h */,
				E93B1CCE1AB450C9002EE16E /* AppDelegate.m */,
				E93B1CD01AB450C9002EE16E /* ViewController.h */,
				E93B1CD11AB450C9002EE16E /* ViewController.m */,
				E93B1CD31AB450C9002EE16E /* Main.storyboard */,
				E93B1CD61AB450C9002EE16E /* Images.xcassets */,
				E93B1CD81AB450C9002EE16E /* LaunchScreen.xib */,
				E93B1CC91AB450C9002EE16E /* Supporting Files */,
			);
			path = CaptureTheFlagPrototype;
			sourceTree = "<group>";
		};
		E93B1CC91AB450C9002EE16E /* Supporting Files */ = {
			isa = PBXGroup;
			children = (
				E93B1CCA1AB450C9002EE16E /* Info.plist */,
				E93B1CCB1AB450C9002EE16E /* main.m */,
			);
			name = "Supporting Files";
			sourceTree = "<group>";
		};
		E93B1CE21AB450C9002EE16E /* CaptureTheFlagPrototypeTests */ = {
			isa = PBXGroup;
			children = (
				E93B1CE51AB450C9002EE16E /* CaptureTheFlagPrototypeTests.m */,
				E93B1CE31AB450C9002EE16E /* Supporting Files */,
			);
			path = CaptureTheFlagPrototypeTests;
			sourceTree = "<group>";
		};
		E93B1CE31AB450C9002EE16E /* Supporting Files */ = {
			isa = PBXGroup;
			children = (
				E93B1CE41AB450C9002EE16E /* Info.plist */,
			);
			name = "Supporting Files";
			sourceTree = "<group>";
		};
		E93B1CEF1AB45231002EE16E /* ZBarSDK */ = {
			isa = PBXGroup;
			children = (
				E93B1CF01AB45231002EE16E /* Headers */,
				E93B1D071AB45231002EE16E /* libzbar.a */,
				E93B1D081AB45231002EE16E /* Resources */,
			);
			path = ZBarSDK;
			sourceTree = "<group>";
		};
		E93B1CF01AB45231002EE16E /* Headers */ = {
			isa = PBXGroup;
			children = (
				E93B1CF11AB45231002EE16E /* ZBarSDK */,
			);
			path = Headers;
			sourceTree = "<group>";
		};
		E93B1CF11AB45231002EE16E /* ZBarSDK */ = {
			isa = PBXGroup;
			children = (
				E93B1CF21AB45231002EE16E /* zbar */,
				E93B1CFC1AB45231002EE16E /* zbar.h */,
				E93B1CFD1AB45231002EE16E /* ZBarCameraSimulator.h */,
				E93B1CFE1AB45231002EE16E /* ZBarCaptureReader.h */,
				E93B1CFF1AB45231002EE16E /* ZBarHelpController.h */,
				E93B1D001AB45231002EE16E /* ZBarImage.h */,
				E93B1D011AB45231002EE16E /* ZBarImageScanner.h */,
				E93B1D021AB45231002EE16E /* ZBarReaderController.h */,
				E93B1D031AB45231002EE16E /* ZBarReaderView.h */,
				E93B1D041AB45231002EE16E /* ZBarReaderViewController.h */,
				E93B1D051AB45231002EE16E /* ZBarSDK.h */,
				E93B1D061AB45231002EE16E /* ZBarSymbol.h */,
			);
			path = ZBarSDK;
			sourceTree = "<group>";
		};
		E93B1CF21AB45231002EE16E /* zbar */ = {
			isa = PBXGroup;
			children = (
				E93B1CF31AB45231002EE16E /* Decoder.h */,
				E93B1CF41AB45231002EE16E /* Exception.h */,
				E93B1CF51AB45231002EE16E /* Image.h */,
				E93B1CF61AB45231002EE16E /* ImageScanner.h */,
				E93B1CF71AB45231002EE16E /* Processor.h */,
				E93B1CF81AB45231002EE16E /* Scanner.h */,
				E93B1CF91AB45231002EE16E /* Symbol.h */,
				E93B1CFA1AB45231002EE16E /* Video.h */,
				E93B1CFB1AB45231002EE16E /* Window.h */,
			);
			path = zbar;
			sourceTree = "<group>";
		};
		E93B1D081AB45231002EE16E /* Resources */ = {
			isa = PBXGroup;
			children = (
				E93B1D091AB45231002EE16E /* zbar-back.png */,
				E93B1D0A1AB45231002EE16E /* zbar-help.html */,
				E93B1D0B1AB45231002EE16E /* zbar-helpicons.png */,
				E93B1D0C1AB45231002EE16E /* zbar-samples.png */,
			);
			path = Resources;
			sourceTree = "<group>";
		};
		E93B1D201AB453F5002EE16E /* Frameworks */ = {
			isa = PBXGroup;
			children = (
				E93B1D421AB46834002EE16E /* CoreMedia.framework */,
				E93B1D401AB46825002EE16E /* AVFoundation.framework */,
				E93B1D121AB4530C002EE16E /* libiconv.dylib */,
			);
			name = Frameworks;
			sourceTree = "<group>";
		};
/* End PBXGroup section */

/* Begin PBXNativeTarget section */
		E93B1CC51AB450C9002EE16E /* CaptureTheFlagPrototype */ = {
			isa = PBXNativeTarget;
			buildConfigurationList = E93B1CE91AB450C9002EE16E /* Build configuration list for PBXNativeTarget "CaptureTheFlagPrototype" */;
			buildPhases = (
				E93B1CC21AB450C9002EE16E /* Sources */,
				E93B1CC31AB450C9002EE16E /* Frameworks */,
				E93B1CC41AB450C9002EE16E /* Resources */,
			);
			buildRules = (
			);
			dependencies = (
			);
			name = CaptureTheFlagPrototype;
			productName = CaptureTheFlagPrototype;
			productReference = E93B1CC61AB450C9002EE16E /* CaptureTheFlagPrototype.app */;
			productType = "com.apple.product-type.application";
		};
		E93B1CDE1AB450C9002EE16E /* CaptureTheFlagPrototypeTests */ = {
			isa = PBXNativeTarget;
			buildConfigurationList = E93B1CEC1AB450C9002EE16E /* Build configuration list for PBXNativeTarget "CaptureTheFlagPrototypeTests" */;
			buildPhases = (
				E93B1CDB1AB450C9002EE16E /* Sources */,
				E93B1CDC1AB450C9002EE16E /* Frameworks */,
				E93B1CDD1AB450C9002EE16E /* Resources */,
			);
			buildRules = (
			);
			dependencies = (
				E93B1CE11AB450C9002EE16E /* PBXTargetDependency */,
			);
			name = CaptureTheFlagPrototypeTests;
			productName = CaptureTheFlagPrototypeTests;
			productReference = E93B1CDF1AB450C9002EE16E /* CaptureTheFlagPrototypeTests.xctest */;
			productType = "com.apple.product-type.bundle.unit-test";
		};
/* End PBXNativeTarget section */

/* Begin PBXProject section */
		E93B1CBE1AB450C9002EE16E /* Project object */ = {
			isa = PBXProject;
			attributes = {
				LastUpgradeCheck = 0620;
				ORGANIZATIONNAME = "Thomas Riccioli";
				TargetAttributes = {
					E93B1CC51AB450C9002EE16E = {
						CreatedOnToolsVersion = 6.2;
					};
					E93B1CDE1AB450C9002EE16E = {
						CreatedOnToolsVersion = 6.2;
						TestTargetID = E93B1CC51AB450C9002EE16E;
					};
				};
			};
			buildConfigurationList = E93B1CC11AB450C9002EE16E /* Build configuration list for PBXProject "CaptureTheFlagPrototype" */;
			compatibilityVersion = "Xcode 3.2";
			developmentRegion = English;
			hasScannedForEncodings = 0;
			knownRegions = (
				en,
				Base,
			);
			mainGroup = E93B1CBD1AB450C9002EE16E;
			productRefGroup = E93B1CC71AB450C9002EE16E /* Products */;
			projectDirPath = "";
			projectRoot = "";
			targets = (
				E93B1CC51AB450C9002EE16E /* CaptureTheFlagPrototype */,
				E93B1CDE1AB450C9002EE16E /* CaptureTheFlagPrototypeTests */,
			);
		};
/* End PBXProject section */

/* Begin PBXResourcesBuildPhase section */
		E93B1CC41AB450C9002EE16E /* Resources */ = {
			isa = PBXResourcesBuildPhase;
			buildActionMask = 2147483647;
			files = (
				E93B1CD51AB450C9002EE16E /* Main.storyboard in Resources */,
				E93B1D0F1AB45232002EE16E /* zbar-help.html in Resources */,
				E93B1D111AB45232002EE16E /* zbar-samples.png in Resources */,
				E93B1D101AB45232002EE16E /* zbar-helpicons.png in Resources */,
				E93B1D0E1AB45232002EE16E /* zbar-back.png in Resources */,
				E93B1CDA1AB450C9002EE16E /* LaunchScreen.xib in Resources */,
				E93B1CD71AB450C9002EE16E /* Images.xcassets in Resources */,
			);
			runOnlyForDeploymentPostprocessing = 0;
		};
		E93B1CDD1AB450C9002EE16E /* Resources */ = {
			isa = PBXResourcesBuildPhase;
			buildActionMask = 2147483647;
			files = (
			);
			runOnlyForDeploymentPostprocessing = 0;
		};
/* End PBXResourcesBuildPhase section */

/* Begin PBXSourcesBuildPhase section */
		E93B1CC21AB450C9002EE16E /* Sources */ = {
			isa = PBXSourcesBuildPhase;
			buildActionMask = 2147483647;
			files = (
				E93B1CD21AB450C9002EE16E /* ViewController.m in Sources */,
				E93B1CCF1AB450C9002EE16E /* AppDelegate.m in Sources */,
				E93B1CCC1AB450C9002EE16E /* main.m in Sources */,
			);
			runOnlyForDeploymentPostprocessing = 0;
		};
		E93B1CDB1AB450C9002EE16E /* Sources */ = {
			isa = PBXSourcesBuildPhase;
			buildActionMask = 2147483647;
			files = (
				E93B1CE61AB450C9002EE16E /* CaptureTheFlagPrototypeTests.m in Sources */,
			);
			runOnlyForDeploymentPostprocessing = 0;
		};
/* End PBXSourcesBuildPhase section */

/* Begin PBXTargetDependency section */
		E93B1CE11AB450C9002EE16E /* PBXTargetDependency */ = {
			isa = PBXTargetDependency;
			target = E93B1CC51AB450C9002EE16E /* CaptureTheFlagPrototype */;
			targetProxy = E93B1CE01AB450C9002EE16E /* PBXContainerItemProxy */;
		};
/* End PBXTargetDependency section */

/* Begin PBXVariantGroup section */
		E93B1CD31AB450C9002EE16E /* Main.storyboard */ = {
			isa = PBXVariantGroup;
			children = (
				E93B1CD41AB450C9002EE16E /* Base */,
			);
			name = Main.storyboard;
			sourceTree = "<group>";
		};
		E93B1CD81AB450C9002EE16E /* LaunchScreen.xib */ = {
			isa = PBXVariantGroup;
			children = (
				E93B1CD91AB450C9002EE16E /* Base */,
			);
			name = LaunchScreen.xib;
			sourceTree = "<group>";
		};
/* End PBXVariantGroup section */

/* Begin XCBuildConfiguration section */
		E93B1CE71AB450C9002EE16E /* Debug */ = {
			isa = XCBuildConfiguration;
			buildSettings = {
				ALWAYS_SEARCH_USER_PATHS = NO;
				CLANG_CXX_LANGUAGE_STANDARD = "gnu++0x";
				CLANG_CXX_LIBRARY = "libc++";
				CLANG_ENABLE_MODULES = YES;
				CLANG_ENABLE_OBJC_ARC = YES;
				CLANG_WARN_BOOL_CONVERSION = YES;
				CLANG_WARN_CONSTANT_CONVERSION = YES;
				CLANG_WARN_DIRECT_OBJC_ISA_USAGE = YES_ERROR;
				CLANG_WARN_EMPTY_BODY = YES;
				CLANG_WARN_ENUM_CONVERSION = YES;
				CLANG_WARN_INT_CONVERSION = YES;
				CLANG_WARN_OBJC_ROOT_CLASS = YES_ERROR;
				CLANG_WARN_UNREACHABLE_CODE = YES;
				CLANG_WARN__DUPLICATE_METHOD_MATCH = YES;
				"CODE_SIGN_IDENTITY[sdk=iphoneos*]" = "iPhone Developer";
				COPY_PHASE_STRIP = NO;
				ENABLE_STRICT_OBJC_MSGSEND = YES;
				GCC_C_LANGUAGE_STANDARD = gnu99;
				GCC_DYNAMIC_NO_PIC = NO;
				GCC_OPTIMIZATION_LEVEL = 0;
				GCC_PREPROCESSOR_DEFINITIONS = (
					"DEBUG=1",
					"$(inherited)",
				);
				GCC_SYMBOLS_PRIVATE_EXTERN = NO;
				GCC_WARN_64_TO_32_BIT_CONVERSION = YES;
				GCC_WARN_ABOUT_RETURN_TYPE = YES_ERROR;
				GCC_WARN_UNDECLARED_SELECTOR = YES;
				GCC_WARN_UNINITIALIZED_AUTOS = YES_AGGRESSIVE;
				GCC_WARN_UNUSED_FUNCTION = YES;
				GCC_WARN_UNUSED_VARIABLE = YES;
				IPHONEOS_DEPLOYMENT_TARGET = 8.2;
				MTL_ENABLE_DEBUG_INFO = YES;
				ONLY_ACTIVE_ARCH = YES;
				SDKROOT = iphoneos;
			};
			name = Debug;
		};
		E93B1CE81AB450C9002EE16E /* Release */ = {
			isa = XCBuildConfiguration;
			buildSettings = {
				ALWAYS_SEARCH_USER_PATHS = NO;
				CLANG_CXX_LANGUAGE_STANDARD = "gnu++0x";
				CLANG_CXX_LIBRARY = "libc++";
				CLANG_ENABLE_MODULES = YES;
				CLANG_ENABLE_OBJC_ARC = YES;
				CLANG_WARN_BOOL_CONVERSION = YES;
				CLANG_WARN_CONSTANT_CONVERSION = YES;
				CLANG_WARN_DIRECT_OBJC_ISA_USAGE = YES_ERROR;
				CLANG_WARN_EMPTY_BODY = YES;
				CLANG_WARN_ENUM_CONVERSION = YES;
				CLANG_WARN_INT_CONVERSION = YES;
				CLANG_WARN_OBJC_ROOT_CLASS = YES_ERROR;
				CLANG_WARN_UNREACHABLE_CODE = YES;
				CLANG_WARN__DUPLICATE_METHOD_MATCH = YES;
				"CODE_SIGN_IDENTITY[sdk=iphoneos*]" = "iPhone Developer";
				COPY_PHASE_STRIP = NO;
				ENABLE_NS_ASSERTIONS = NO;
				ENABLE_STRICT_OBJC_MSGSEND = YES;
				GCC_C_LANGUAGE_STANDARD = gnu99;
				GCC_WARN_64_TO_32_BIT_CONVERSION = YES;
				GCC_WARN_ABOUT_RETURN_TYPE = YES_ERROR;
				GCC_WARN_UNDECLARED_SELECTOR = YES;
				GCC_WARN_UNINITIALIZED_AUTOS = YES_AGGRESSIVE;
				GCC_WARN_UNUSED_FUNCTION = YES;
				GCC_WARN_UNUSED_VARIABLE = YES;
				IPHONEOS_DEPLOYMENT_TARGET = 8.2;
				MTL_ENABLE_DEBUG_INFO = NO;
				SDKROOT = iphoneos;
				VALIDATE_PRODUCT = YES;
			};
			name = Release;
		};
		E93B1CEA1AB450C9002EE16E /* Debug */ = {
			isa = XCBuildConfiguration;
			buildSettings = {
				ASSETCATALOG_COMPILER_APPICON_NAME = AppIcon;
				INFOPLIST_FILE = CaptureTheFlagPrototype/Info.plist;
				IPHONEOS_DEPLOYMENT_TARGET = 6.1;
				LD_RUNPATH_SEARCH_PATHS = "$(inherited) @executable_path/Frameworks";
				LIBRARY_SEARCH_PATHS = (
					"$(inherited)",
					"$(PROJECT_DIR)/ZBarSDK",
				);
				PRODUCT_NAME = "$(TARGET_NAME)";
			};
			name = Debug;
		};
		E93B1CEB1AB450C9002EE16E /* Release */ = {
			isa = XCBuildConfiguration;
			buildSettings = {
				ASSETCATALOG_COMPILER_APPICON_NAME = AppIcon;
				INFOPLIST_FILE = CaptureTheFlagPrototype/Info.plist;
				IPHONEOS_DEPLOYMENT_TARGET = 6.1;
				LD_RUNPATH_SEARCH_PATHS = "$(inherited) @executable_path/Frameworks";
				LIBRARY_SEARCH_PATHS = (
					"$(inherited)",
					"$(PROJECT_DIR)/ZBarSDK",
				);
				PRODUCT_NAME = "$(TARGET_NAME)";
			};
			name = Release;
		};
		E93B1CED1AB450C9002EE16E /* Debug */ = {
			isa = XCBuildConfiguration;
			buildSettings = {
				BUNDLE_LOADER = "$(TEST_HOST)";
				FRAMEWORK_SEARCH_PATHS = (
					"$(SDKROOT)/Developer/Library/Frameworks",
					"$(inherited)",
				);
				GCC_PREPROCESSOR_DEFINITIONS = (
					"DEBUG=1",
					"$(inherited)",
				);
				INFOPLIST_FILE = CaptureTheFlagPrototypeTests/Info.plist;
				LD_RUNPATH_SEARCH_PATHS = "$(inherited) @executable_path/Frameworks @loader_path/Frameworks";
				PRODUCT_NAME = "$(TARGET_NAME)";
				TEST_HOST = "$(BUILT_PRODUCTS_DIR)/CaptureTheFlagPrototype.app/CaptureTheFlagPrototype";
			};
			name = Debug;
		};
		E93B1CEE1AB450C9002EE16E /* Release */ = {
			isa = XCBuildConfiguration;
			buildSettings = {
				BUNDLE_LOADER = "$(TEST_HOST)";
				FRAMEWORK_SEARCH_PATHS = (
					"$(SDKROOT)/Developer/Library/Frameworks",
					"$(inherited)",
				);
				INFOPLIST_FILE = CaptureTheFlagPrototypeTests/Info.plist;
				LD_RUNPATH_SEARCH_PATHS = "$(inherited) @executable_path/Frameworks @loader_path/Frameworks";
				PRODUCT_NAME = "$(TARGET_NAME)";
				TEST_HOST = "$(BUILT_PRODUCTS_DIR)/CaptureTheFlagPrototype.app/CaptureTheFlagPrototype";
			};
			name = Release;
		};
/* End XCBuildConfiguration section */

/* Begin XCConfigurationList section */
		E93B1CC11AB450C9002EE16E /* Build configuration list for PBXProject "CaptureTheFlagPrototype" */ = {
			isa = XCConfigurationList;
			buildConfigurations = (
				E93B1CE71AB450C9002EE16E /* Debug */,
				E93B1CE81AB450C9002EE16E /* Release */,
			);
			defaultConfigurationIsVisible = 0;
			defaultConfigurationName = Release;
		};
		E93B1CE91AB450C9002EE16E /* Build configuration list for PBXNativeTarget "CaptureTheFlagPrototype" */ = {
			isa = XCConfigurationList;
			buildConfigurations = (
				E93B1CEA1AB450C9002EE16E /* Debug */,
				E93B1CEB1AB450C9002EE16E /* Release */,
			);
			defaultConfigurationIsVisible = 0;
		};
		E93B1CEC1AB450C9002EE16E /* Build configuration list for PBXNativeTarget "CaptureTheFlagPrototypeTests" */ = {
			isa = XCConfigurationList;
			buildConfigurations = (
				E93B1CED1AB450C9002EE16E /* Debug */,
				E93B1CEE1AB450C9002EE16E /* Release */,
			);
			defaultConfigurationIsVisible = 0;
		};
/* End XCConfigurationList section */
	};
	rootObject = E93B1CBE1AB450C9002EE16E /* Project object */;
}
